
Microsoft Visual Studio Solution File, Format Version 12.00
# Visual Studio Version 17
VisualStudioVersion = 17.9.34728.123
MinimumVisualStudioVersion = 10.0.40219.1
Project("{FAE04EC0-301F-11D3-BF4B-00C04F79EFBC}") = "Q3", "Q3.csproj", "{C6CF269B-5B6A-400C-99B8-7FCF57FB4942}"
EndProject
Global
	GlobalSection(SolutionConfigurationPlatforms) = preSolution
		Debug|Any CPU = Debug|Any CPU
		Release|Any CPU = Release|Any CPU
	EndGlobalSection
	GlobalSection(ProjectConfigurationPlatforms) = postSolution
		{C6CF269B-5B6A-400C-99B8-7FCF57FB4942}.Debug|Any CPU.ActiveCfg = Debug|Any CPU
		{C6CF269B-5B6A-400C-99B8-7FCF57FB4942}.Debug|Any CPU.Build.0 = Debug|Any CPU
		{C6CF269B-5B6A-400C-99B8-7FCF57FB4942}.Release|Any CPU.ActiveCfg = Release|Any CPU
		{C6CF269B-5B6A-400C-99B8-7FCF57FB4942}.Release|Any CPU.Build.0 = Release|Any CPU
	EndGlobalSection
	GlobalSection(SolutionProperties) = preSolution
		HideSolutionNode = FALSE
	EndGlobalSection
	GlobalSection(ExtensibilityGlobals) = postSolution
		SolutionGuid = {ADB1ECC8-EB4D-4464-B967-E8E8BFE1EF98}
	EndGlobalSection
EndGlobal
