
Microsoft Visual Studio Solution File, Format Version 12.00
# Visual Studio Version 17
VisualStudioVersion = 17.9.34728.123
MinimumVisualStudioVersion = 10.0.40219.1
Project("{FAE04EC0-301F-11D3-BF4B-00C04F79EFBC}") = "Q5", "Q5.csproj", "{1722CAFC-26E3-4551-A4D2-7DE581C3D118}"
EndProject
Global
	GlobalSection(SolutionConfigurationPlatforms) = preSolution
		Debug|Any CPU = Debug|Any CPU
		Release|Any CPU = Release|Any CPU
	EndGlobalSection
	GlobalSection(ProjectConfigurationPlatforms) = postSolution
		{1722CAFC-26E3-4551-A4D2-7DE581C3D118}.Debug|Any CPU.ActiveCfg = Debug|Any CPU
		{1722CAFC-26E3-4551-A4D2-7DE581C3D118}.Debug|Any CPU.Build.0 = Debug|Any CPU
		{1722CAFC-26E3-4551-A4D2-7DE581C3D118}.Release|Any CPU.ActiveCfg = Release|Any CPU
		{1722CAFC-26E3-4551-A4D2-7DE581C3D118}.Release|Any CPU.Build.0 = Release|Any CPU
	EndGlobalSection
	GlobalSection(SolutionProperties) = preSolution
		HideSolutionNode = FALSE
	EndGlobalSection
	GlobalSection(ExtensibilityGlobals) = postSolution
		SolutionGuid = {B591AF98-0C9D-427D-82E6-762E536A079D}
	EndGlobalSection
EndGlobal
