
Microsoft Visual Studio Solution File, Format Version 12.00
# Visual Studio Version 17
VisualStudioVersion = 17.9.34728.123
MinimumVisualStudioVersion = 10.0.40219.1
Project("{FAE04EC0-301F-11D3-BF4B-00C04F79EFBC}") = "Q18", "Q18.csproj", "{5DCA20A5-BD2C-4607-8CF9-C0C4FEEBD26B}"
EndProject
Global
	GlobalSection(SolutionConfigurationPlatforms) = preSolution
		Debug|Any CPU = Debug|Any CPU
		Release|Any CPU = Release|Any CPU
	EndGlobalSection
	GlobalSection(ProjectConfigurationPlatforms) = postSolution
		{5DCA20A5-BD2C-4607-8CF9-C0C4FEEBD26B}.Debug|Any CPU.ActiveCfg = Debug|Any CPU
		{5DCA20A5-BD2C-4607-8CF9-C0C4FEEBD26B}.Debug|Any CPU.Build.0 = Debug|Any CPU
		{5DCA20A5-BD2C-4607-8CF9-C0C4FEEBD26B}.Release|Any CPU.ActiveCfg = Release|Any CPU
		{5DCA20A5-BD2C-4607-8CF9-C0C4FEEBD26B}.Release|Any CPU.Build.0 = Release|Any CPU
	EndGlobalSection
	GlobalSection(SolutionProperties) = preSolution
		HideSolutionNode = FALSE
	EndGlobalSection
	GlobalSection(ExtensibilityGlobals) = postSolution
		SolutionGuid = {D4ABB3A8-D7B2-4BCA-A65A-38431E9F6486}
	EndGlobalSection
EndGlobal
