
Microsoft Visual Studio Solution File, Format Version 12.00
# Visual Studio Version 17
VisualStudioVersion = 17.9.34728.123
MinimumVisualStudioVersion = 10.0.40219.1
Project("{FAE04EC0-301F-11D3-BF4B-00C04F79EFBC}") = "Q21", "Q21.csproj", "{67CE22C1-19F1-4196-965B-F5DA39D17BD0}"
EndProject
Global
	GlobalSection(SolutionConfigurationPlatforms) = preSolution
		Debug|Any CPU = Debug|Any CPU
		Release|Any CPU = Release|Any CPU
	EndGlobalSection
	GlobalSection(ProjectConfigurationPlatforms) = postSolution
		{67CE22C1-19F1-4196-965B-F5DA39D17BD0}.Debug|Any CPU.ActiveCfg = Debug|Any CPU
		{67CE22C1-19F1-4196-965B-F5DA39D17BD0}.Debug|Any CPU.Build.0 = Debug|Any CPU
		{67CE22C1-19F1-4196-965B-F5DA39D17BD0}.Release|Any CPU.ActiveCfg = Release|Any CPU
		{67CE22C1-19F1-4196-965B-F5DA39D17BD0}.Release|Any CPU.Build.0 = Release|Any CPU
	EndGlobalSection
	GlobalSection(SolutionProperties) = preSolution
		HideSolutionNode = FALSE
	EndGlobalSection
	GlobalSection(ExtensibilityGlobals) = postSolution
		SolutionGuid = {B4EEC86E-5D15-4EA2-9A51-2918C96A15CE}
	EndGlobalSection
EndGlobal
