
Microsoft Visual Studio Solution File, Format Version 12.00
# Visual Studio Version 17
VisualStudioVersion = 17.9.34728.123
MinimumVisualStudioVersion = 10.0.40219.1
Project("{FAE04EC0-301F-11D3-BF4B-00C04F79EFBC}") = "Q9", "Q9.csproj", "{3F3C81DF-D61B-4973-BE41-371C3483FEB5}"
EndProject
Global
	GlobalSection(SolutionConfigurationPlatforms) = preSolution
		Debug|Any CPU = Debug|Any CPU
		Release|Any CPU = Release|Any CPU
	EndGlobalSection
	GlobalSection(ProjectConfigurationPlatforms) = postSolution
		{3F3C81DF-D61B-4973-BE41-371C3483FEB5}.Debug|Any CPU.ActiveCfg = Debug|Any CPU
		{3F3C81DF-D61B-4973-BE41-371C3483FEB5}.Debug|Any CPU.Build.0 = Debug|Any CPU
		{3F3C81DF-D61B-4973-BE41-371C3483FEB5}.Release|Any CPU.ActiveCfg = Release|Any CPU
		{3F3C81DF-D61B-4973-BE41-371C3483FEB5}.Release|Any CPU.Build.0 = Release|Any CPU
	EndGlobalSection
	GlobalSection(SolutionProperties) = preSolution
		HideSolutionNode = FALSE
	EndGlobalSection
	GlobalSection(ExtensibilityGlobals) = postSolution
		SolutionGuid = {3D669CD8-501A-431A-9596-60719CC8D40A}
	EndGlobalSection
EndGlobal
