
Microsoft Visual Studio Solution File, Format Version 12.00
# Visual Studio Version 17
VisualStudioVersion = 17.9.34728.123
MinimumVisualStudioVersion = 10.0.40219.1
Project("{FAE04EC0-301F-11D3-BF4B-00C04F79EFBC}") = "Q30", "Q30.csproj", "{D8A961F9-2969-4BA4-90C6-622132D812CC}"
EndProject
Global
	GlobalSection(SolutionConfigurationPlatforms) = preSolution
		Debug|Any CPU = Debug|Any CPU
		Release|Any CPU = Release|Any CPU
	EndGlobalSection
	GlobalSection(ProjectConfigurationPlatforms) = postSolution
		{D8A961F9-2969-4BA4-90C6-622132D812CC}.Debug|Any CPU.ActiveCfg = Debug|Any CPU
		{D8A961F9-2969-4BA4-90C6-622132D812CC}.Debug|Any CPU.Build.0 = Debug|Any CPU
		{D8A961F9-2969-4BA4-90C6-622132D812CC}.Release|Any CPU.ActiveCfg = Release|Any CPU
		{D8A961F9-2969-4BA4-90C6-622132D812CC}.Release|Any CPU.Build.0 = Release|Any CPU
	EndGlobalSection
	GlobalSection(SolutionProperties) = preSolution
		HideSolutionNode = FALSE
	EndGlobalSection
	GlobalSection(ExtensibilityGlobals) = postSolution
		SolutionGuid = {8685D34B-FA5A-4D3A-BA82-6070F62BE360}
	EndGlobalSection
EndGlobal
