
Microsoft Visual Studio Solution File, Format Version 12.00
# Visual Studio Version 17
VisualStudioVersion = 17.9.34728.123
MinimumVisualStudioVersion = 10.0.40219.1
Project("{FAE04EC0-301F-11D3-BF4B-00C04F79EFBC}") = "Q15", "Q15.csproj", "{37CF5D6A-ACC5-4A91-8215-8FE00E756D36}"
EndProject
Global
	GlobalSection(SolutionConfigurationPlatforms) = preSolution
		Debug|Any CPU = Debug|Any CPU
		Release|Any CPU = Release|Any CPU
	EndGlobalSection
	GlobalSection(ProjectConfigurationPlatforms) = postSolution
		{37CF5D6A-ACC5-4A91-8215-8FE00E756D36}.Debug|Any CPU.ActiveCfg = Debug|Any CPU
		{37CF5D6A-ACC5-4A91-8215-8FE00E756D36}.Debug|Any CPU.Build.0 = Debug|Any CPU
		{37CF5D6A-ACC5-4A91-8215-8FE00E756D36}.Release|Any CPU.ActiveCfg = Release|Any CPU
		{37CF5D6A-ACC5-4A91-8215-8FE00E756D36}.Release|Any CPU.Build.0 = Release|Any CPU
	EndGlobalSection
	GlobalSection(SolutionProperties) = preSolution
		HideSolutionNode = FALSE
	EndGlobalSection
	GlobalSection(ExtensibilityGlobals) = postSolution
		SolutionGuid = {D2793986-026B-410F-B2AC-A47CF0CC15B5}
	EndGlobalSection
EndGlobal
