
Microsoft Visual Studio Solution File, Format Version 12.00
# Visual Studio Version 17
VisualStudioVersion = 17.9.34728.123
MinimumVisualStudioVersion = 10.0.40219.1
Project("{FAE04EC0-301F-11D3-BF4B-00C04F79EFBC}") = "Q1", "Q1.csproj", "{CBE84FF7-9CFF-4930-A45B-1851DBF15D55}"
EndProject
Global
	GlobalSection(SolutionConfigurationPlatforms) = preSolution
		Debug|Any CPU = Debug|Any CPU
		Release|Any CPU = Release|Any CPU
	EndGlobalSection
	GlobalSection(ProjectConfigurationPlatforms) = postSolution
		{CBE84FF7-9CFF-4930-A45B-1851DBF15D55}.Debug|Any CPU.ActiveCfg = Debug|Any CPU
		{CBE84FF7-9CFF-4930-A45B-1851DBF15D55}.Debug|Any CPU.Build.0 = Debug|Any CPU
		{CBE84FF7-9CFF-4930-A45B-1851DBF15D55}.Release|Any CPU.ActiveCfg = Release|Any CPU
		{CBE84FF7-9CFF-4930-A45B-1851DBF15D55}.Release|Any CPU.Build.0 = Release|Any CPU
	EndGlobalSection
	GlobalSection(SolutionProperties) = preSolution
		HideSolutionNode = FALSE
	EndGlobalSection
	GlobalSection(ExtensibilityGlobals) = postSolution
		SolutionGuid = {32818C8C-0F19-4010-B9B1-F8D0B2DDCE54}
	EndGlobalSection
EndGlobal
