
Microsoft Visual Studio Solution File, Format Version 12.00
# Visual Studio Version 17
VisualStudioVersion = 17.9.34728.123
MinimumVisualStudioVersion = 10.0.40219.1
Project("{FAE04EC0-301F-11D3-BF4B-00C04F79EFBC}") = "Q11", "Q11.csproj", "{E680C559-0F11-4144-8241-FCBA8F202520}"
EndProject
Global
	GlobalSection(SolutionConfigurationPlatforms) = preSolution
		Debug|Any CPU = Debug|Any CPU
		Release|Any CPU = Release|Any CPU
	EndGlobalSection
	GlobalSection(ProjectConfigurationPlatforms) = postSolution
		{E680C559-0F11-4144-8241-FCBA8F202520}.Debug|Any CPU.ActiveCfg = Debug|Any CPU
		{E680C559-0F11-4144-8241-FCBA8F202520}.Debug|Any CPU.Build.0 = Debug|Any CPU
		{E680C559-0F11-4144-8241-FCBA8F202520}.Release|Any CPU.ActiveCfg = Release|Any CPU
		{E680C559-0F11-4144-8241-FCBA8F202520}.Release|Any CPU.Build.0 = Release|Any CPU
	EndGlobalSection
	GlobalSection(SolutionProperties) = preSolution
		HideSolutionNode = FALSE
	EndGlobalSection
	GlobalSection(ExtensibilityGlobals) = postSolution
		SolutionGuid = {836DEFD1-09A2-47D0-9AFE-7D003F0A4F1B}
	EndGlobalSection
EndGlobal
