
Microsoft Visual Studio Solution File, Format Version 12.00
# Visual Studio Version 17
VisualStudioVersion = 17.9.34728.123
MinimumVisualStudioVersion = 10.0.40219.1
Project("{FAE04EC0-301F-11D3-BF4B-00C04F79EFBC}") = "Q13", "Q13.csproj", "{0AAF4E5E-13B5-455B-B0EE-D33D7900B068}"
EndProject
Global
	GlobalSection(SolutionConfigurationPlatforms) = preSolution
		Debug|Any CPU = Debug|Any CPU
		Release|Any CPU = Release|Any CPU
	EndGlobalSection
	GlobalSection(ProjectConfigurationPlatforms) = postSolution
		{0AAF4E5E-13B5-455B-B0EE-D33D7900B068}.Debug|Any CPU.ActiveCfg = Debug|Any CPU
		{0AAF4E5E-13B5-455B-B0EE-D33D7900B068}.Debug|Any CPU.Build.0 = Debug|Any CPU
		{0AAF4E5E-13B5-455B-B0EE-D33D7900B068}.Release|Any CPU.ActiveCfg = Release|Any CPU
		{0AAF4E5E-13B5-455B-B0EE-D33D7900B068}.Release|Any CPU.Build.0 = Release|Any CPU
	EndGlobalSection
	GlobalSection(SolutionProperties) = preSolution
		HideSolutionNode = FALSE
	EndGlobalSection
	GlobalSection(ExtensibilityGlobals) = postSolution
		SolutionGuid = {F3B5A808-6F1D-4F6A-8872-72699790F8E4}
	EndGlobalSection
EndGlobal
