
Microsoft Visual Studio Solution File, Format Version 12.00
# Visual Studio Version 17
VisualStudioVersion = 17.9.34728.123
MinimumVisualStudioVersion = 10.0.40219.1
Project("{FAE04EC0-301F-11D3-BF4B-00C04F79EFBC}") = "Q12", "Q12.csproj", "{C838E09E-AA92-40B1-AA7B-1436D57E610B}"
EndProject
Global
	GlobalSection(SolutionConfigurationPlatforms) = preSolution
		Debug|Any CPU = Debug|Any CPU
		Release|Any CPU = Release|Any CPU
	EndGlobalSection
	GlobalSection(ProjectConfigurationPlatforms) = postSolution
		{C838E09E-AA92-40B1-AA7B-1436D57E610B}.Debug|Any CPU.ActiveCfg = Debug|Any CPU
		{C838E09E-AA92-40B1-AA7B-1436D57E610B}.Debug|Any CPU.Build.0 = Debug|Any CPU
		{C838E09E-AA92-40B1-AA7B-1436D57E610B}.Release|Any CPU.ActiveCfg = Release|Any CPU
		{C838E09E-AA92-40B1-AA7B-1436D57E610B}.Release|Any CPU.Build.0 = Release|Any CPU
	EndGlobalSection
	GlobalSection(SolutionProperties) = preSolution
		HideSolutionNode = FALSE
	EndGlobalSection
	GlobalSection(ExtensibilityGlobals) = postSolution
		SolutionGuid = {8F002B10-7765-4FFC-8715-3859D25AD2B9}
	EndGlobalSection
EndGlobal
