
Microsoft Visual Studio Solution File, Format Version 12.00
# Visual Studio Version 17
VisualStudioVersion = 17.9.34728.123
MinimumVisualStudioVersion = 10.0.40219.1
Project("{FAE04EC0-301F-11D3-BF4B-00C04F79EFBC}") = "Q10", "Q10.csproj", "{A8A5A4F0-377A-4119-AEC5-747FC3E015DD}"
EndProject
Global
	GlobalSection(SolutionConfigurationPlatforms) = preSolution
		Debug|Any CPU = Debug|Any CPU
		Release|Any CPU = Release|Any CPU
	EndGlobalSection
	GlobalSection(ProjectConfigurationPlatforms) = postSolution
		{A8A5A4F0-377A-4119-AEC5-747FC3E015DD}.Debug|Any CPU.ActiveCfg = Debug|Any CPU
		{A8A5A4F0-377A-4119-AEC5-747FC3E015DD}.Debug|Any CPU.Build.0 = Debug|Any CPU
		{A8A5A4F0-377A-4119-AEC5-747FC3E015DD}.Release|Any CPU.ActiveCfg = Release|Any CPU
		{A8A5A4F0-377A-4119-AEC5-747FC3E015DD}.Release|Any CPU.Build.0 = Release|Any CPU
	EndGlobalSection
	GlobalSection(SolutionProperties) = preSolution
		HideSolutionNode = FALSE
	EndGlobalSection
	GlobalSection(ExtensibilityGlobals) = postSolution
		SolutionGuid = {EF4A3245-842F-49EF-9424-4188FE85ADCE}
	EndGlobalSection
EndGlobal
