
Microsoft Visual Studio Solution File, Format Version 12.00
# Visual Studio Version 17
VisualStudioVersion = 17.9.34728.123
MinimumVisualStudioVersion = 10.0.40219.1
Project("{FAE04EC0-301F-11D3-BF4B-00C04F79EFBC}") = "Q22", "Q22.csproj", "{889192EC-8E56-46D6-B8B0-1B6FABEFFE84}"
EndProject
Global
	GlobalSection(SolutionConfigurationPlatforms) = preSolution
		Debug|Any CPU = Debug|Any CPU
		Release|Any CPU = Release|Any CPU
	EndGlobalSection
	GlobalSection(ProjectConfigurationPlatforms) = postSolution
		{889192EC-8E56-46D6-B8B0-1B6FABEFFE84}.Debug|Any CPU.ActiveCfg = Debug|Any CPU
		{889192EC-8E56-46D6-B8B0-1B6FABEFFE84}.Debug|Any CPU.Build.0 = Debug|Any CPU
		{889192EC-8E56-46D6-B8B0-1B6FABEFFE84}.Release|Any CPU.ActiveCfg = Release|Any CPU
		{889192EC-8E56-46D6-B8B0-1B6FABEFFE84}.Release|Any CPU.Build.0 = Release|Any CPU
	EndGlobalSection
	GlobalSection(SolutionProperties) = preSolution
		HideSolutionNode = FALSE
	EndGlobalSection
	GlobalSection(ExtensibilityGlobals) = postSolution
		SolutionGuid = {8E826512-ADE7-4BB5-8791-3E3EB9F2599F}
	EndGlobalSection
EndGlobal
