
Microsoft Visual Studio Solution File, Format Version 12.00
# Visual Studio Version 17
VisualStudioVersion = 17.9.34728.123
MinimumVisualStudioVersion = 10.0.40219.1
Project("{FAE04EC0-301F-11D3-BF4B-00C04F79EFBC}") = "OOP_1", "OOP_1.csproj", "{62F24F6B-D40F-4C38-8187-CD13CA002E31}"
EndProject
Global
	GlobalSection(SolutionConfigurationPlatforms) = preSolution
		Debug|Any CPU = Debug|Any CPU
		Release|Any CPU = Release|Any CPU
	EndGlobalSection
	GlobalSection(ProjectConfigurationPlatforms) = postSolution
		{62F24F6B-D40F-4C38-8187-CD13CA002E31}.Debug|Any CPU.ActiveCfg = Debug|Any CPU
		{62F24F6B-D40F-4C38-8187-CD13CA002E31}.Debug|Any CPU.Build.0 = Debug|Any CPU
		{62F24F6B-D40F-4C38-8187-CD13CA002E31}.Release|Any CPU.ActiveCfg = Release|Any CPU
		{62F24F6B-D40F-4C38-8187-CD13CA002E31}.Release|Any CPU.Build.0 = Release|Any CPU
	EndGlobalSection
	GlobalSection(SolutionProperties) = preSolution
		HideSolutionNode = FALSE
	EndGlobalSection
	GlobalSection(ExtensibilityGlobals) = postSolution
		SolutionGuid = {3DE4EECD-425E-4B3A-B8D4-86B9AA2E253F}
	EndGlobalSection
EndGlobal
